
Microsoft Visual Studio Solution File, Format Version 12.00
# Visual Studio Version 17
VisualStudioVersion = 17.0.31903.59
MinimumVisualStudioVersion = 10.0.40219.1
Project("{2150E333-8FDC-42A3-9474-1A3956D46DE8}") = "src", "src", "{827E0CD3-B72D-47B6-A68D-7590B98EB39B}"
EndProject
Project("{2150E333-8FDC-42A3-9474-1A3956D46DE8}") = "shared", "shared", "{C8E42992-5E42-0C2B-DBFE-AA848D06431C}"
EndProject
Project("{FAE04EC0-301F-11D3-BF4B-00C04F79EFBC}") = "LegalAiAr.Core", "src\shared\LegalAiAr.Core\LegalAiAr.Core.csproj", "{B7C91EEE-2C5E-406B-A712-7C153A39E818}"
EndProject
Project("{FAE04EC0-301F-11D3-BF4B-00C04F79EFBC}") = "LegalAiAr.Infrastructure", "src\shared\LegalAiAr.Infrastructure\LegalAiAr.Infrastructure.csproj", "{13942D81-ECA6-456C-8B93-07D8AC80D70D}"
EndProject
Project("{FAE04EC0-301F-11D3-BF4B-00C04F79EFBC}") = "LegalAiAr.Application", "src\api\LegalAiAr.Application\LegalAiAr.Application.csproj", "{AE0D200A-0691-449F-85C1-2BCFE04915CA}"
EndProject
Project("{FAE04EC0-301F-11D3-BF4B-00C04F79EFBC}") = "LegalAiAr.Api", "src\api\LegalAiAr.Api\LegalAiAr.Api.csproj", "{E18595A7-42D6-4691-BE8D-3E726C934988}"
EndProject
Project("{FAE04EC0-301F-11D3-BF4B-00C04F79EFBC}") = "LegalAiAr.Worker.Parser", "src\workers\LegalAiAr.Worker.Parser\LegalAiAr.Worker.Parser.csproj", "{122E600C-57CF-464D-9E21-61B0DB566C33}"
EndProject
Project("{FAE04EC0-301F-11D3-BF4B-00C04F79EFBC}") = "LegalAiAr.Worker.Enrichment", "src\workers\LegalAiAr.Worker.Enrichment\LegalAiAr.Worker.Enrichment.csproj", "{8A79BA06-3608-4027-92E5-041D23CA5C22}"
EndProject
Project("{FAE04EC0-301F-11D3-BF4B-00C04F79EFBC}") = "LegalAiAr.Worker.Indexer", "src\workers\LegalAiAr.Worker.Indexer\LegalAiAr.Worker.Indexer.csproj", "{43C02198-DA0F-4ED3-B13C-63E8157D8908}"
EndProject
Project("{2150E333-8FDC-42A3-9474-1A3956D46DE8}") = "tests", "tests", "{0AB3BF05-4346-4AA6-1389-037BE0695223}"
EndProject
Project("{FAE04EC0-301F-11D3-BF4B-00C04F79EFBC}") = "LegalAiAr.Core.Tests", "tests\LegalAiAr.Core.Tests\LegalAiAr.Core.Tests.csproj", "{6F103CBF-B58C-4CFC-8D12-53F2C5EC7F40}"
EndProject
Project("{FAE04EC0-301F-11D3-BF4B-00C04F79EFBC}") = "LegalAiAr.Application.Tests", "tests\LegalAiAr.Application.Tests\LegalAiAr.Application.Tests.csproj", "{D220F60F-6BAE-49D9-B9C5-9A9FD7ED19EA}"
EndProject
Project("{FAE04EC0-301F-11D3-BF4B-00C04F79EFBC}") = "LegalAiAr.Worker.Parser.Tests", "tests\LegalAiAr.Worker.Parser.Tests\LegalAiAr.Worker.Parser.Tests.csproj", "{1C5C3806-F07A-4E3E-AD3D-1D910898C29C}"
EndProject
Project("{FAE04EC0-301F-11D3-BF4B-00C04F79EFBC}") = "LegalAiAr.Worker.Enrichment.Tests", "tests\LegalAiAr.Worker.Enrichment.Tests\LegalAiAr.Worker.Enrichment.Tests.csproj", "{CA72415A-94C3-4D37-A96C-2F6FCB4C7C7C}"
EndProject
Project("{FAE04EC0-301F-11D3-BF4B-00C04F79EFBC}") = "LegalAiAr.Worker.Indexer.Tests", "tests\LegalAiAr.Worker.Indexer.Tests\LegalAiAr.Worker.Indexer.Tests.csproj", "{B04E9D34-72B3-44E4-BEE6-94B6032754FE}"
EndProject
Project("{FAE04EC0-301F-11D3-BF4B-00C04F79EFBC}") = "LegalAiAr.Infrastructure.Tests", "tests\LegalAiAr.Infrastructure.Tests\LegalAiAr.Infrastructure.Tests.csproj", "{F5CAD014-74BC-4EE2-952C-7612E6E17C6E}"
EndProject
Project("{2150E333-8FDC-42A3-9474-1A3956D46DE8}") = "workers", "workers", "{FE5F7021-A3C9-35C7-FF50-8DA81625868E}"
EndProject
Project("{FAE04EC0-301F-11D3-BF4B-00C04F79EFBC}") = "LegalAiAr.Worker.Discoverer", "src\workers\LegalAiAr.Worker.Discoverer\LegalAiAr.Worker.Discoverer.csproj", "{0EBEC4A8-A272-4C84-892F-9D4274C6F9D3}"
EndProject
Project("{FAE04EC0-301F-11D3-BF4B-00C04F79EFBC}") = "LegalAiAr.Worker.Fetcher", "src\workers\LegalAiAr.Worker.Fetcher\LegalAiAr.Worker.Fetcher.csproj", "{45697084-BC2B-409B-82B8-783EB1FACF21}"
EndProject
Project("{FAE04EC0-301F-11D3-BF4B-00C04F79EFBC}") = "LegalAiAr.Worker.Persister", "src\workers\LegalAiAr.Worker.Persister\LegalAiAr.Worker.Persister.csproj", "{DF380612-B0FD-4E7B-A591-52EFCBEC54A0}"
EndProject
Project("{FAE04EC0-301F-11D3-BF4B-00C04F79EFBC}") = "LegalAiAr.Worker.Fetcher.Tests", "tests\LegalAiAr.Worker.Fetcher.Tests\LegalAiAr.Worker.Fetcher.Tests.csproj", "{6428796A-CE11-4B4C-8472-C07444F21517}"
EndProject
Project("{FAE04EC0-301F-11D3-BF4B-00C04F79EFBC}") = "LegalAiAr.Api.Tests", "tests\LegalAiAr.Api.Tests\LegalAiAr.Api.Tests.csproj", "{E5C11D59-47AF-4A26-B33C-B0CE4400D145}"
EndProject
Project("{2150E333-8FDC-42A3-9474-1A3956D46DE8}") = "api", "api", "{81034408-37C8-1011-444E-4C15C2FADA8E}"
EndProject
Project("{FAE04EC0-301F-11D3-BF4B-00C04F79EFBC}") = "LegalAiAr.Agents", "src\shared\LegalAiAr.Agents\LegalAiAr.Agents.csproj", "{D3FD705E-0F17-441F-BC92-8645F4606D48}"
EndProject
Project("{FAE04EC0-301F-11D3-BF4B-00C04F79EFBC}") = "LegalAiAr.AgentEvals", "tests\LegalAiAr.AgentEvals\LegalAiAr.AgentEvals.csproj", "{1A20AB04-833B-4FF3-B490-220038EF457E}"
EndProject
Global
	GlobalSection(SolutionConfigurationPlatforms) = preSolution
		Debug|Any CPU = Debug|Any CPU
		Debug|x64 = Debug|x64
		Debug|x86 = Debug|x86
		Release|Any CPU = Release|Any CPU
		Release|x64 = Release|x64
		Release|x86 = Release|x86
	EndGlobalSection
	GlobalSection(ProjectConfigurationPlatforms) = postSolution
		{B7C91EEE-2C5E-406B-A712-7C153A39E818}.Debug|Any CPU.ActiveCfg = Debug|Any CPU
		{B7C91EEE-2C5E-406B-A712-7C153A39E818}.Debug|Any CPU.Build.0 = Debug|Any CPU
		{B7C91EEE-2C5E-406B-A712-7C153A39E818}.Debug|x64.ActiveCfg = Debug|Any CPU
		{B7C91EEE-2C5E-406B-A712-7C153A39E818}.Debug|x64.Build.0 = Debug|Any CPU
		{B7C91EEE-2C5E-406B-A712-7C153A39E818}.Debug|x86.ActiveCfg = Debug|Any CPU
		{B7C91EEE-2C5E-406B-A712-7C153A39E818}.Debug|x86.Build.0 = Debug|Any CPU
		{B7C91EEE-2C5E-406B-A712-7C153A39E818}.Release|Any CPU.ActiveCfg = Release|Any CPU
		{B7C91EEE-2C5E-406B-A712-7C153A39E818}.Release|Any CPU.Build.0 = Release|Any CPU
		{B7C91EEE-2C5E-406B-A712-7C153A39E818}.Release|x64.ActiveCfg = Release|Any CPU
		{B7C91EEE-2C5E-406B-A712-7C153A39E818}.Release|x64.Build.0 = Release|Any CPU
		{B7C91EEE-2C5E-406B-A712-7C153A39E818}.Release|x86.ActiveCfg = Release|Any CPU
		{B7C91EEE-2C5E-406B-A712-7C153A39E818}.Release|x86.Build.0 = Release|Any CPU
		{13942D81-ECA6-456C-8B93-07D8AC80D70D}.Debug|Any CPU.ActiveCfg = Debug|Any CPU
		{13942D81-ECA6-456C-8B93-07D8AC80D70D}.Debug|Any CPU.Build.0 = Debug|Any CPU
		{13942D81-ECA6-456C-8B93-07D8AC80D70D}.Debug|x64.ActiveCfg = Debug|Any CPU
		{13942D81-ECA6-456C-8B93-07D8AC80D70D}.Debug|x64.Build.0 = Debug|Any CPU
		{13942D81-ECA6-456C-8B93-07D8AC80D70D}.Debug|x86.ActiveCfg = Debug|Any CPU
		{13942D81-ECA6-456C-8B93-07D8AC80D70D}.Debug|x86.Build.0 = Debug|Any CPU
		{13942D81-ECA6-456C-8B93-07D8AC80D70D}.Release|Any CPU.ActiveCfg = Release|Any CPU
		{13942D81-ECA6-456C-8B93-07D8AC80D70D}.Release|Any CPU.Build.0 = Release|Any CPU
		{13942D81-ECA6-456C-8B93-07D8AC80D70D}.Release|x64.ActiveCfg = Release|Any CPU
		{13942D81-ECA6-456C-8B93-07D8AC80D70D}.Release|x64.Build.0 = Release|Any CPU
		{13942D81-ECA6-456C-8B93-07D8AC80D70D}.Release|x86.ActiveCfg = Release|Any CPU
		{13942D81-ECA6-456C-8B93-07D8AC80D70D}.Release|x86.Build.0 = Release|Any CPU
		{AE0D200A-0691-449F-85C1-2BCFE04915CA}.Debug|Any CPU.ActiveCfg = Debug|Any CPU
		{AE0D200A-0691-449F-85C1-2BCFE04915CA}.Debug|Any CPU.Build.0 = Debug|Any CPU
		{AE0D200A-0691-449F-85C1-2BCFE04915CA}.Debug|x64.ActiveCfg = Debug|Any CPU
		{AE0D200A-0691-449F-85C1-2BCFE04915CA}.Debug|x64.Build.0 = Debug|Any CPU
		{AE0D200A-0691-449F-85C1-2BCFE04915CA}.Debug|x86.ActiveCfg = Debug|Any CPU
		{AE0D200A-0691-449F-85C1-2BCFE04915CA}.Debug|x86.Build.0 = Debug|Any CPU
		{AE0D200A-0691-449F-85C1-2BCFE04915CA}.Release|Any CPU.ActiveCfg = Release|Any CPU
		{AE0D200A-0691-449F-85C1-2BCFE04915CA}.Release|Any CPU.Build.0 = Release|Any CPU
		{AE0D200A-0691-449F-85C1-2BCFE04915CA}.Release|x64.ActiveCfg = Release|Any CPU
		{AE0D200A-0691-449F-85C1-2BCFE04915CA}.Release|x64.Build.0 = Release|Any CPU
		{AE0D200A-0691-449F-85C1-2BCFE04915CA}.Release|x86.ActiveCfg = Release|Any CPU
		{AE0D200A-0691-449F-85C1-2BCFE04915CA}.Release|x86.Build.0 = Release|Any CPU
		{E18595A7-42D6-4691-BE8D-3E726C934988}.Debug|Any CPU.ActiveCfg = Debug|Any CPU
		{E18595A7-42D6-4691-BE8D-3E726C934988}.Debug|Any CPU.Build.0 = Debug|Any CPU
		{E18595A7-42D6-4691-BE8D-3E726C934988}.Debug|x64.ActiveCfg = Debug|Any CPU
		{E18595A7-42D6-4691-BE8D-3E726C934988}.Debug|x64.Build.0 = Debug|Any CPU
		{E18595A7-42D6-4691-BE8D-3E726C934988}.Debug|x86.ActiveCfg = Debug|Any CPU
		{E18595A7-42D6-4691-BE8D-3E726C934988}.Debug|x86.Build.0 = Debug|Any CPU
		{E18595A7-42D6-4691-BE8D-3E726C934988}.Release|Any CPU.ActiveCfg = Release|Any CPU
		{E18595A7-42D6-4691-BE8D-3E726C934988}.Release|Any CPU.Build.0 = Release|Any CPU
		{E18595A7-42D6-4691-BE8D-3E726C934988}.Release|x64.ActiveCfg = Release|Any CPU
		{E18595A7-42D6-4691-BE8D-3E726C934988}.Release|x64.Build.0 = Release|Any CPU
		{E18595A7-42D6-4691-BE8D-3E726C934988}.Release|x86.ActiveCfg = Release|Any CPU
		{E18595A7-42D6-4691-BE8D-3E726C934988}.Release|x86.Build.0 = Release|Any CPU
		{122E600C-57CF-464D-9E21-61B0DB566C33}.Debug|Any CPU.ActiveCfg = Debug|Any CPU
		{122E600C-57CF-464D-9E21-61B0DB566C33}.Debug|Any CPU.Build.0 = Debug|Any CPU
		{122E600C-57CF-464D-9E21-61B0DB566C33}.Debug|x64.ActiveCfg = Debug|Any CPU
		{122E600C-57CF-464D-9E21-61B0DB566C33}.Debug|x64.Build.0 = Debug|Any CPU
		{122E600C-57CF-464D-9E21-61B0DB566C33}.Debug|x86.ActiveCfg = Debug|Any CPU
		{122E600C-57CF-464D-9E21-61B0DB566C33}.Debug|x86.Build.0 = Debug|Any CPU
		{122E600C-57CF-464D-9E21-61B0DB566C33}.Release|Any CPU.ActiveCfg = Release|Any CPU
		{122E600C-57CF-464D-9E21-61B0DB566C33}.Release|Any CPU.Build.0 = Release|Any CPU
		{122E600C-57CF-464D-9E21-61B0DB566C33}.Release|x64.ActiveCfg = Release|Any CPU
		{122E600C-57CF-464D-9E21-61B0DB566C33}.Release|x64.Build.0 = Release|Any CPU
		{122E600C-57CF-464D-9E21-61B0DB566C33}.Release|x86.ActiveCfg = Release|Any CPU
		{122E600C-57CF-464D-9E21-61B0DB566C33}.Release|x86.Build.0 = Release|Any CPU
		{8A79BA06-3608-4027-92E5-041D23CA5C22}.Debug|Any CPU.ActiveCfg = Debug|Any CPU
		{8A79BA06-3608-4027-92E5-041D23CA5C22}.Debug|Any CPU.Build.0 = Debug|Any CPU
		{8A79BA06-3608-4027-92E5-041D23CA5C22}.Debug|x64.ActiveCfg = Debug|Any CPU
		{8A79BA06-3608-4027-92E5-041D23CA5C22}.Debug|x64.Build.0 = Debug|Any CPU
		{8A79BA06-3608-4027-92E5-041D23CA5C22}.Debug|x86.ActiveCfg = Debug|Any CPU
		{8A79BA06-3608-4027-92E5-041D23CA5C22}.Debug|x86.Build.0 = Debug|Any CPU
		{8A79BA06-3608-4027-92E5-041D23CA5C22}.Release|Any CPU.ActiveCfg = Release|Any CPU
		{8A79BA06-3608-4027-92E5-041D23CA5C22}.Release|Any CPU.Build.0 = Release|Any CPU
		{8A79BA06-3608-4027-92E5-041D23CA5C22}.Release|x64.ActiveCfg = Release|Any CPU
		{8A79BA06-3608-4027-92E5-041D23CA5C22}.Release|x64.Build.0 = Release|Any CPU
		{8A79BA06-3608-4027-92E5-041D23CA5C22}.Release|x86.ActiveCfg = Release|Any CPU
		{8A79BA06-3608-4027-92E5-041D23CA5C22}.Release|x86.Build.0 = Release|Any CPU
		{43C02198-DA0F-4ED3-B13C-63E8157D8908}.Debug|Any CPU.ActiveCfg = Debug|Any CPU
		{43C02198-DA0F-4ED3-B13C-63E8157D8908}.Debug|Any CPU.Build.0 = Debug|Any CPU
		{43C02198-DA0F-4ED3-B13C-63E8157D8908}.Debug|x64.ActiveCfg = Debug|Any CPU
		{43C02198-DA0F-4ED3-B13C-63E8157D8908}.Debug|x64.Build.0 = Debug|Any CPU
		{43C02198-DA0F-4ED3-B13C-63E8157D8908}.Debug|x86.ActiveCfg = Debug|Any CPU
		{43C02198-DA0F-4ED3-B13C-63E8157D8908}.Debug|x86.Build.0 = Debug|Any CPU
		{43C02198-DA0F-4ED3-B13C-63E8157D8908}.Release|Any CPU.ActiveCfg = Release|Any CPU
		{43C02198-DA0F-4ED3-B13C-63E8157D8908}.Release|Any CPU.Build.0 = Release|Any CPU
		{43C02198-DA0F-4ED3-B13C-63E8157D8908}.Release|x64.ActiveCfg = Release|Any CPU
		{43C02198-DA0F-4ED3-B13C-63E8157D8908}.Release|x64.Build.0 = Release|Any CPU
		{43C02198-DA0F-4ED3-B13C-63E8157D8908}.Release|x86.ActiveCfg = Release|Any CPU
		{43C02198-DA0F-4ED3-B13C-63E8157D8908}.Release|x86.Build.0 = Release|Any CPU
		{6F103CBF-B58C-4CFC-8D12-53F2C5EC7F40}.Debug|Any CPU.ActiveCfg = Debug|Any CPU
		{6F103CBF-B58C-4CFC-8D12-53F2C5EC7F40}.Debug|Any CPU.Build.0 = Debug|Any CPU
		{6F103CBF-B58C-4CFC-8D12-53F2C5EC7F40}.Debug|x64.ActiveCfg = Debug|Any CPU
		{6F103CBF-B58C-4CFC-8D12-53F2C5EC7F40}.Debug|x64.Build.0 = Debug|Any CPU
		{6F103CBF-B58C-4CFC-8D12-53F2C5EC7F40}.Debug|x86.ActiveCfg = Debug|Any CPU
		{6F103CBF-B58C-4CFC-8D12-53F2C5EC7F40}.Debug|x86.Build.0 = Debug|Any CPU
		{6F103CBF-B58C-4CFC-8D12-53F2C5EC7F40}.Release|Any CPU.ActiveCfg = Release|Any CPU
		{6F103CBF-B58C-4CFC-8D12-53F2C5EC7F40}.Release|Any CPU.Build.0 = Release|Any CPU
		{6F103CBF-B58C-4CFC-8D12-53F2C5EC7F40}.Release|x64.ActiveCfg = Release|Any CPU
		{6F103CBF-B58C-4CFC-8D12-53F2C5EC7F40}.Release|x64.Build.0 = Release|Any CPU
		{6F103CBF-B58C-4CFC-8D12-53F2C5EC7F40}.Release|x86.ActiveCfg = Release|Any CPU
		{6F103CBF-B58C-4CFC-8D12-53F2C5EC7F40}.Release|x86.Build.0 = Release|Any CPU
		{D220F60F-6BAE-49D9-B9C5-9A9FD7ED19EA}.Debug|Any CPU.ActiveCfg = Debug|Any CPU
		{D220F60F-6BAE-49D9-B9C5-9A9FD7ED19EA}.Debug|Any CPU.Build.0 = Debug|Any CPU
		{D220F60F-6BAE-49D9-B9C5-9A9FD7ED19EA}.Debug|x64.ActiveCfg = Debug|Any CPU
		{D220F60F-6BAE-49D9-B9C5-9A9FD7ED19EA}.Debug|x64.Build.0 = Debug|Any CPU
		{D220F60F-6BAE-49D9-B9C5-9A9FD7ED19EA}.Debug|x86.ActiveCfg = Debug|Any CPU
		{D220F60F-6BAE-49D9-B9C5-9A9FD7ED19EA}.Debug|x86.Build.0 = Debug|Any CPU
		{D220F60F-6BAE-49D9-B9C5-9A9FD7ED19EA}.Release|Any CPU.ActiveCfg = Release|Any CPU
		{D220F60F-6BAE-49D9-B9C5-9A9FD7ED19EA}.Release|Any CPU.Build.0 = Release|Any CPU
		{D220F60F-6BAE-49D9-B9C5-9A9FD7ED19EA}.Release|x64.ActiveCfg = Release|Any CPU
		{D220F60F-6BAE-49D9-B9C5-9A9FD7ED19EA}.Release|x64.Build.0 = Release|Any CPU
		{D220F60F-6BAE-49D9-B9C5-9A9FD7ED19EA}.Release|x86.ActiveCfg = Release|Any CPU
		{D220F60F-6BAE-49D9-B9C5-9A9FD7ED19EA}.Release|x86.Build.0 = Release|Any CPU
		{1C5C3806-F07A-4E3E-AD3D-1D910898C29C}.Debug|Any CPU.ActiveCfg = Debug|Any CPU
		{1C5C3806-F07A-4E3E-AD3D-1D910898C29C}.Debug|Any CPU.Build.0 = Debug|Any CPU
		{1C5C3806-F07A-4E3E-AD3D-1D910898C29C}.Debug|x64.ActiveCfg = Debug|Any CPU
		{1C5C3806-F07A-4E3E-AD3D-1D910898C29C}.Debug|x64.Build.0 = Debug|Any CPU
		{1C5C3806-F07A-4E3E-AD3D-1D910898C29C}.Debug|x86.ActiveCfg = Debug|Any CPU
		{1C5C3806-F07A-4E3E-AD3D-1D910898C29C}.Debug|x86.Build.0 = Debug|Any CPU
		{1C5C3806-F07A-4E3E-AD3D-1D910898C29C}.Release|Any CPU.ActiveCfg = Release|Any CPU
		{1C5C3806-F07A-4E3E-AD3D-1D910898C29C}.Release|Any CPU.Build.0 = Release|Any CPU
		{1C5C3806-F07A-4E3E-AD3D-1D910898C29C}.Release|x64.ActiveCfg = Release|Any CPU
		{1C5C3806-F07A-4E3E-AD3D-1D910898C29C}.Release|x64.Build.0 = Release|Any CPU
		{1C5C3806-F07A-4E3E-AD3D-1D910898C29C}.Release|x86.ActiveCfg = Release|Any CPU
		{1C5C3806-F07A-4E3E-AD3D-1D910898C29C}.Release|x86.Build.0 = Release|Any CPU
		{CA72415A-94C3-4D37-A96C-2F6FCB4C7C7C}.Debug|Any CPU.ActiveCfg = Debug|Any CPU
		{CA72415A-94C3-4D37-A96C-2F6FCB4C7C7C}.Debug|Any CPU.Build.0 = Debug|Any CPU
		{CA72415A-94C3-4D37-A96C-2F6FCB4C7C7C}.Debug|x64.ActiveCfg = Debug|Any CPU
		{CA72415A-94C3-4D37-A96C-2F6FCB4C7C7C}.Debug|x64.Build.0 = Debug|Any CPU
		{CA72415A-94C3-4D37-A96C-2F6FCB4C7C7C}.Debug|x86.ActiveCfg = Debug|Any CPU
		{CA72415A-94C3-4D37-A96C-2F6FCB4C7C7C}.Debug|x86.Build.0 = Debug|Any CPU
		{CA72415A-94C3-4D37-A96C-2F6FCB4C7C7C}.Release|Any CPU.ActiveCfg = Release|Any CPU
		{CA72415A-94C3-4D37-A96C-2F6FCB4C7C7C}.Release|Any CPU.Build.0 = Release|Any CPU
		{CA72415A-94C3-4D37-A96C-2F6FCB4C7C7C}.Release|x64.ActiveCfg = Release|Any CPU
		{CA72415A-94C3-4D37-A96C-2F6FCB4C7C7C}.Release|x64.Build.0 = Release|Any CPU
		{CA72415A-94C3-4D37-A96C-2F6FCB4C7C7C}.Release|x86.ActiveCfg = Release|Any CPU
		{CA72415A-94C3-4D37-A96C-2F6FCB4C7C7C}.Release|x86.Build.0 = Release|Any CPU
		{B04E9D34-72B3-44E4-BEE6-94B6032754FE}.Debug|Any CPU.ActiveCfg = Debug|Any CPU
		{B04E9D34-72B3-44E4-BEE6-94B6032754FE}.Debug|Any CPU.Build.0 = Debug|Any CPU
		{B04E9D34-72B3-44E4-BEE6-94B6032754FE}.Debug|x64.ActiveCfg = Debug|Any CPU
		{B04E9D34-72B3-44E4-BEE6-94B6032754FE}.Debug|x64.Build.0 = Debug|Any CPU
		{B04E9D34-72B3-44E4-BEE6-94B6032754FE}.Debug|x86.ActiveCfg = Debug|Any CPU
		{B04E9D34-72B3-44E4-BEE6-94B6032754FE}.Debug|x86.Build.0 = Debug|Any CPU
		{B04E9D34-72B3-44E4-BEE6-94B6032754FE}.Release|Any CPU.ActiveCfg = Release|Any CPU
		{B04E9D34-72B3-44E4-BEE6-94B6032754FE}.Release|Any CPU.Build.0 = Release|Any CPU
		{B04E9D34-72B3-44E4-BEE6-94B6032754FE}.Release|x64.ActiveCfg = Release|Any CPU
		{B04E9D34-72B3-44E4-BEE6-94B6032754FE}.Release|x64.Build.0 = Release|Any CPU
		{B04E9D34-72B3-44E4-BEE6-94B6032754FE}.Release|x86.ActiveCfg = Release|Any CPU
		{B04E9D34-72B3-44E4-BEE6-94B6032754FE}.Release|x86.Build.0 = Release|Any CPU
		{F5CAD014-74BC-4EE2-952C-7612E6E17C6E}.Debug|Any CPU.ActiveCfg = Debug|Any CPU
		{F5CAD014-74BC-4EE2-952C-7612E6E17C6E}.Debug|Any CPU.Build.0 = Debug|Any CPU
		{F5CAD014-74BC-4EE2-952C-7612E6E17C6E}.Debug|x64.ActiveCfg = Debug|Any CPU
		{F5CAD014-74BC-4EE2-952C-7612E6E17C6E}.Debug|x64.Build.0 = Debug|Any CPU
		{F5CAD014-74BC-4EE2-952C-7612E6E17C6E}.Debug|x86.ActiveCfg = Debug|Any CPU
		{F5CAD014-74BC-4EE2-952C-7612E6E17C6E}.Debug|x86.Build.0 = Debug|Any CPU
		{F5CAD014-74BC-4EE2-952C-7612E6E17C6E}.Release|Any CPU.ActiveCfg = Release|Any CPU
		{F5CAD014-74BC-4EE2-952C-7612E6E17C6E}.Release|Any CPU.Build.0 = Release|Any CPU
		{F5CAD014-74BC-4EE2-952C-7612E6E17C6E}.Release|x64.ActiveCfg = Release|Any CPU
		{F5CAD014-74BC-4EE2-952C-7612E6E17C6E}.Release|x64.Build.0 = Release|Any CPU
		{F5CAD014-74BC-4EE2-952C-7612E6E17C6E}.Release|x86.ActiveCfg = Release|Any CPU
		{F5CAD014-74BC-4EE2-952C-7612E6E17C6E}.Release|x86.Build.0 = Release|Any CPU
		{0EBEC4A8-A272-4C84-892F-9D4274C6F9D3}.Debug|Any CPU.ActiveCfg = Debug|Any CPU
		{0EBEC4A8-A272-4C84-892F-9D4274C6F9D3}.Debug|Any CPU.Build.0 = Debug|Any CPU
		{0EBEC4A8-A272-4C84-892F-9D4274C6F9D3}.Debug|x64.ActiveCfg = Debug|Any CPU
		{0EBEC4A8-A272-4C84-892F-9D4274C6F9D3}.Debug|x64.Build.0 = Debug|Any CPU
		{0EBEC4A8-A272-4C84-892F-9D4274C6F9D3}.Debug|x86.ActiveCfg = Debug|Any CPU
		{0EBEC4A8-A272-4C84-892F-9D4274C6F9D3}.Debug|x86.Build.0 = Debug|Any CPU
		{0EBEC4A8-A272-4C84-892F-9D4274C6F9D3}.Release|Any CPU.ActiveCfg = Release|Any CPU
		{0EBEC4A8-A272-4C84-892F-9D4274C6F9D3}.Release|Any CPU.Build.0 = Release|Any CPU
		{0EBEC4A8-A272-4C84-892F-9D4274C6F9D3}.Release|x64.ActiveCfg = Release|Any CPU
		{0EBEC4A8-A272-4C84-892F-9D4274C6F9D3}.Release|x64.Build.0 = Release|Any CPU
		{0EBEC4A8-A272-4C84-892F-9D4274C6F9D3}.Release|x86.ActiveCfg = Release|Any CPU
		{0EBEC4A8-A272-4C84-892F-9D4274C6F9D3}.Release|x86.Build.0 = Release|Any CPU
		{45697084-BC2B-409B-82B8-783EB1FACF21}.Debug|Any CPU.ActiveCfg = Debug|Any CPU
		{45697084-BC2B-409B-82B8-783EB1FACF21}.Debug|Any CPU.Build.0 = Debug|Any CPU
		{45697084-BC2B-409B-82B8-783EB1FACF21}.Debug|x64.ActiveCfg = Debug|Any CPU
		{45697084-BC2B-409B-82B8-783EB1FACF21}.Debug|x64.Build.0 = Debug|Any CPU
		{45697084-BC2B-409B-82B8-783EB1FACF21}.Debug|x86.ActiveCfg = Debug|Any CPU
		{45697084-BC2B-409B-82B8-783EB1FACF21}.Debug|x86.Build.0 = Debug|Any CPU
		{45697084-BC2B-409B-82B8-783EB1FACF21}.Release|Any CPU.ActiveCfg = Release|Any CPU
		{45697084-BC2B-409B-82B8-783EB1FACF21}.Release|Any CPU.Build.0 = Release|Any CPU
		{45697084-BC2B-409B-82B8-783EB1FACF21}.Release|x64.ActiveCfg = Release|Any CPU
		{45697084-BC2B-409B-82B8-783EB1FACF21}.Release|x64.Build.0 = Release|Any CPU
		{45697084-BC2B-409B-82B8-783EB1FACF21}.Release|x86.ActiveCfg = Release|Any CPU
		{45697084-BC2B-409B-82B8-783EB1FACF21}.Release|x86.Build.0 = Release|Any CPU
		{DF380612-B0FD-4E7B-A591-52EFCBEC54A0}.Debug|Any CPU.ActiveCfg = Debug|Any CPU
		{DF380612-B0FD-4E7B-A591-52EFCBEC54A0}.Debug|Any CPU.Build.0 = Debug|Any CPU
		{DF380612-B0FD-4E7B-A591-52EFCBEC54A0}.Debug|x64.ActiveCfg = Debug|Any CPU
		{DF380612-B0FD-4E7B-A591-52EFCBEC54A0}.Debug|x64.Build.0 = Debug|Any CPU
		{DF380612-B0FD-4E7B-A591-52EFCBEC54A0}.Debug|x86.ActiveCfg = Debug|Any CPU
		{DF380612-B0FD-4E7B-A591-52EFCBEC54A0}.Debug|x86.Build.0 = Debug|Any CPU
		{DF380612-B0FD-4E7B-A591-52EFCBEC54A0}.Release|Any CPU.ActiveCfg = Release|Any CPU
		{DF380612-B0FD-4E7B-A591-52EFCBEC54A0}.Release|Any CPU.Build.0 = Release|Any CPU
		{DF380612-B0FD-4E7B-A591-52EFCBEC54A0}.Release|x64.ActiveCfg = Release|Any CPU
		{DF380612-B0FD-4E7B-A591-52EFCBEC54A0}.Release|x64.Build.0 = Release|Any CPU
		{DF380612-B0FD-4E7B-A591-52EFCBEC54A0}.Release|x86.ActiveCfg = Release|Any CPU
		{DF380612-B0FD-4E7B-A591-52EFCBEC54A0}.Release|x86.Build.0 = Release|Any CPU
		{6428796A-CE11-4B4C-8472-C07444F21517}.Debug|Any CPU.ActiveCfg = Debug|Any CPU
		{6428796A-CE11-4B4C-8472-C07444F21517}.Debug|Any CPU.Build.0 = Debug|Any CPU
		{6428796A-CE11-4B4C-8472-C07444F21517}.Debug|x64.ActiveCfg = Debug|Any CPU
		{6428796A-CE11-4B4C-8472-C07444F21517}.Debug|x64.Build.0 = Debug|Any CPU
		{6428796A-CE11-4B4C-8472-C07444F21517}.Debug|x86.ActiveCfg = Debug|Any CPU
		{6428796A-CE11-4B4C-8472-C07444F21517}.Debug|x86.Build.0 = Debug|Any CPU
		{6428796A-CE11-4B4C-8472-C07444F21517}.Release|Any CPU.ActiveCfg = Release|Any CPU
		{6428796A-CE11-4B4C-8472-C07444F21517}.Release|Any CPU.Build.0 = Release|Any CPU
		{6428796A-CE11-4B4C-8472-C07444F21517}.Release|x64.ActiveCfg = Release|Any CPU
		{6428796A-CE11-4B4C-8472-C07444F21517}.Release|x64.Build.0 = Release|Any CPU
		{6428796A-CE11-4B4C-8472-C07444F21517}.Release|x86.ActiveCfg = Release|Any CPU
		{6428796A-CE11-4B4C-8472-C07444F21517}.Release|x86.Build.0 = Release|Any CPU
		{E5C11D59-47AF-4A26-B33C-B0CE4400D145}.Debug|Any CPU.ActiveCfg = Debug|Any CPU
		{E5C11D59-47AF-4A26-B33C-B0CE4400D145}.Debug|Any CPU.Build.0 = Debug|Any CPU
		{E5C11D59-47AF-4A26-B33C-B0CE4400D145}.Debug|x64.ActiveCfg = Debug|Any CPU
		{E5C11D59-47AF-4A26-B33C-B0CE4400D145}.Debug|x64.Build.0 = Debug|Any CPU
		{E5C11D59-47AF-4A26-B33C-B0CE4400D145}.Debug|x86.ActiveCfg = Debug|Any CPU
		{E5C11D59-47AF-4A26-B33C-B0CE4400D145}.Debug|x86.Build.0 = Debug|Any CPU
		{E5C11D59-47AF-4A26-B33C-B0CE4400D145}.Release|Any CPU.ActiveCfg = Release|Any CPU
		{E5C11D59-47AF-4A26-B33C-B0CE4400D145}.Release|Any CPU.Build.0 = Release|Any CPU
		{E5C11D59-47AF-4A26-B33C-B0CE4400D145}.Release|x64.ActiveCfg = Release|Any CPU
		{E5C11D59-47AF-4A26-B33C-B0CE4400D145}.Release|x64.Build.0 = Release|Any CPU
		{E5C11D59-47AF-4A26-B33C-B0CE4400D145}.Release|x86.ActiveCfg = Release|Any CPU
		{E5C11D59-47AF-4A26-B33C-B0CE4400D145}.Release|x86.Build.0 = Release|Any CPU
		{D3FD705E-0F17-441F-BC92-8645F4606D48}.Debug|Any CPU.ActiveCfg = Debug|Any CPU
		{D3FD705E-0F17-441F-BC92-8645F4606D48}.Debug|Any CPU.Build.0 = Debug|Any CPU
		{D3FD705E-0F17-441F-BC92-8645F4606D48}.Debug|x64.ActiveCfg = Debug|Any CPU
		{D3FD705E-0F17-441F-BC92-8645F4606D48}.Debug|x64.Build.0 = Debug|Any CPU
		{D3FD705E-0F17-441F-BC92-8645F4606D48}.Debug|x86.ActiveCfg = Debug|Any CPU
		{D3FD705E-0F17-441F-BC92-8645F4606D48}.Debug|x86.Build.0 = Debug|Any CPU
		{D3FD705E-0F17-441F-BC92-8645F4606D48}.Release|Any CPU.ActiveCfg = Release|Any CPU
		{D3FD705E-0F17-441F-BC92-8645F4606D48}.Release|Any CPU.Build.0 = Release|Any CPU
		{D3FD705E-0F17-441F-BC92-8645F4606D48}.Release|x64.ActiveCfg = Release|Any CPU
		{D3FD705E-0F17-441F-BC92-8645F4606D48}.Release|x64.Build.0 = Release|Any CPU
		{D3FD705E-0F17-441F-BC92-8645F4606D48}.Release|x86.ActiveCfg = Release|Any CPU
		{D3FD705E-0F17-441F-BC92-8645F4606D48}.Release|x86.Build.0 = Release|Any CPU
		{1A20AB04-833B-4FF3-B490-220038EF457E}.Debug|Any CPU.ActiveCfg = Debug|Any CPU
		{1A20AB04-833B-4FF3-B490-220038EF457E}.Debug|Any CPU.Build.0 = Debug|Any CPU
		{1A20AB04-833B-4FF3-B490-220038EF457E}.Debug|x64.ActiveCfg = Debug|Any CPU
		{1A20AB04-833B-4FF3-B490-220038EF457E}.Debug|x64.Build.0 = Debug|Any CPU
		{1A20AB04-833B-4FF3-B490-220038EF457E}.Debug|x86.ActiveCfg = Debug|Any CPU
		{1A20AB04-833B-4FF3-B490-220038EF457E}.Debug|x86.Build.0 = Debug|Any CPU
		{1A20AB04-833B-4FF3-B490-220038EF457E}.Release|Any CPU.ActiveCfg = Release|Any CPU
		{1A20AB04-833B-4FF3-B490-220038EF457E}.Release|Any CPU.Build.0 = Release|Any CPU
		{1A20AB04-833B-4FF3-B490-220038EF457E}.Release|x64.ActiveCfg = Release|Any CPU
		{1A20AB04-833B-4FF3-B490-220038EF457E}.Release|x64.Build.0 = Release|Any CPU
		{1A20AB04-833B-4FF3-B490-220038EF457E}.Release|x86.ActiveCfg = Release|Any CPU
		{1A20AB04-833B-4FF3-B490-220038EF457E}.Release|x86.Build.0 = Release|Any CPU
	EndGlobalSection
	GlobalSection(SolutionProperties) = preSolution
		HideSolutionNode = FALSE
	EndGlobalSection
	GlobalSection(NestedProjects) = preSolution
		{C8E42992-5E42-0C2B-DBFE-AA848D06431C} = {827E0CD3-B72D-47B6-A68D-7590B98EB39B}
		{B7C91EEE-2C5E-406B-A712-7C153A39E818} = {C8E42992-5E42-0C2B-DBFE-AA848D06431C}
		{13942D81-ECA6-456C-8B93-07D8AC80D70D} = {C8E42992-5E42-0C2B-DBFE-AA848D06431C}
		{AE0D200A-0691-449F-85C1-2BCFE04915CA} = {81034408-37C8-1011-444E-4C15C2FADA8E}
		{E18595A7-42D6-4691-BE8D-3E726C934988} = {81034408-37C8-1011-444E-4C15C2FADA8E}
		{122E600C-57CF-464D-9E21-61B0DB566C33} = {FE5F7021-A3C9-35C7-FF50-8DA81625868E}
		{8A79BA06-3608-4027-92E5-041D23CA5C22} = {FE5F7021-A3C9-35C7-FF50-8DA81625868E}
		{43C02198-DA0F-4ED3-B13C-63E8157D8908} = {FE5F7021-A3C9-35C7-FF50-8DA81625868E}
		{6F103CBF-B58C-4CFC-8D12-53F2C5EC7F40} = {0AB3BF05-4346-4AA6-1389-037BE0695223}
		{D220F60F-6BAE-49D9-B9C5-9A9FD7ED19EA} = {0AB3BF05-4346-4AA6-1389-037BE0695223}
		{1C5C3806-F07A-4E3E-AD3D-1D910898C29C} = {0AB3BF05-4346-4AA6-1389-037BE0695223}
		{CA72415A-94C3-4D37-A96C-2F6FCB4C7C7C} = {0AB3BF05-4346-4AA6-1389-037BE0695223}
		{B04E9D34-72B3-44E4-BEE6-94B6032754FE} = {0AB3BF05-4346-4AA6-1389-037BE0695223}
		{F5CAD014-74BC-4EE2-952C-7612E6E17C6E} = {0AB3BF05-4346-4AA6-1389-037BE0695223}
		{FE5F7021-A3C9-35C7-FF50-8DA81625868E} = {827E0CD3-B72D-47B6-A68D-7590B98EB39B}
		{0EBEC4A8-A272-4C84-892F-9D4274C6F9D3} = {FE5F7021-A3C9-35C7-FF50-8DA81625868E}
		{45697084-BC2B-409B-82B8-783EB1FACF21} = {FE5F7021-A3C9-35C7-FF50-8DA81625868E}
		{DF380612-B0FD-4E7B-A591-52EFCBEC54A0} = {FE5F7021-A3C9-35C7-FF50-8DA81625868E}
		{6428796A-CE11-4B4C-8472-C07444F21517} = {0AB3BF05-4346-4AA6-1389-037BE0695223}
		{E5C11D59-47AF-4A26-B33C-B0CE4400D145} = {0AB3BF05-4346-4AA6-1389-037BE0695223}
		{81034408-37C8-1011-444E-4C15C2FADA8E} = {827E0CD3-B72D-47B6-A68D-7590B98EB39B}
		{D3FD705E-0F17-441F-BC92-8645F4606D48} = {C8E42992-5E42-0C2B-DBFE-AA848D06431C}
		{1A20AB04-833B-4FF3-B490-220038EF457E} = {0AB3BF05-4346-4AA6-1389-037BE0695223}
	EndGlobalSection
EndGlobal
